// !$*UTF8*$!
{
	archiveVersion = 1;
	classes = {
	};
	objectVersion = 56;
	objects = {

/* Begin PBXBuildFile section */
		017ADF592998323000A4537E /* B_LineApp.swift in Sources */ = {isa = PBXBuildFile; fileRef = 017ADF582998323000A4537E /* B_LineApp.swift */; };
		017ADF5D2998323100A4537E /* Assets.xcassets in Resources */ = {isa = PBXBuildFile; fileRef = 017ADF5C2998323100A4537E /* Assets.xcassets */; };
		017ADF602998323100A4537E /* Preview Assets.xcassets in Resources */ = {isa = PBXBuildFile; fileRef = 017ADF5F2998323100A4537E /* Preview Assets.xcassets */; };
		017ADF702998335100A4537E /* HomeView.swift in Sources */ = {isa = PBXBuildFile; fileRef = 017ADF6F2998335100A4537E /* HomeView.swift */; };
		017ADF72299833F700A4537E /* MapViewRepresentable.swift in Sources */ = {isa = PBXBuildFile; fileRef = 017ADF71299833F700A4537E /* MapViewRepresentable.swift */; };
		017ADF742998352B00A4537E /* LocationManager.swift in Sources */ = {isa = PBXBuildFile; fileRef = 017ADF732998352B00A4537E /* LocationManager.swift */; };
		017ADF7A29987CB700A4537E /* LocationSearchView.swift in Sources */ = {isa = PBXBuildFile; fileRef = 017ADF7929987CB700A4537E /* LocationSearchView.swift */; };
		018F7DF929A32A1F005D0E44 /* Stops.swift in Sources */ = {isa = PBXBuildFile; fileRef = 018F7DF829A32A1F005D0E44 /* Stops.swift */; };
		018F7DFC29A330F3005D0E44 /* TLService.swift in Sources */ = {isa = PBXBuildFile; fileRef = 018F7DFB29A330F3005D0E44 /* TLService.swift */; };
		018F7DFE29A330FD005D0E44 /* TLRequest.swift in Sources */ = {isa = PBXBuildFile; fileRef = 018F7DFD29A330FD005D0E44 /* TLRequest.swift */; };
		018F7E0029A33103005D0E44 /* TLEndpoint.swift in Sources */ = {isa = PBXBuildFile; fileRef = 018F7DFF29A33103005D0E44 /* TLEndpoint.swift */; };
		018F7E0529A35DD8005D0E44 /* StopEstimates.swift in Sources */ = {isa = PBXBuildFile; fileRef = 018F7E0429A35DD8005D0E44 /* StopEstimates.swift */; };
		018F7E0729A35DF5005D0E44 /* Buses.swift in Sources */ = {isa = PBXBuildFile; fileRef = 018F7E0629A35DF5005D0E44 /* Buses.swift */; };
		018F7E0929A35DF9005D0E44 /* Routes.swift in Sources */ = {isa = PBXBuildFile; fileRef = 018F7E0829A35DF9005D0E44 /* Routes.swift */; };
		018F7E0B29A35DFE005D0E44 /* Stats.swift in Sources */ = {isa = PBXBuildFile; fileRef = 018F7E0A29A35DFE005D0E44 /* Stats.swift */; };
		018F7E0D29A45D48005D0E44 /* StopsViewModel.swift in Sources */ = {isa = PBXBuildFile; fileRef = 018F7E0C29A45D48005D0E44 /* StopsViewModel.swift */; };
		018F7E0F29A46329005D0E44 /* LocationSearchViewModel.swift in Sources */ = {isa = PBXBuildFile; fileRef = 018F7E0E29A46329005D0E44 /* LocationSearchViewModel.swift */; };
		01E3FBB9299C4E560062E4F2 /* StopsView.swift in Sources */ = {isa = PBXBuildFile; fileRef = 01E3FBB8299C4E560062E4F2 /* StopsView.swift */; };
		01E3FBBC299C4E840062E4F2 /* AnimatedTabBar in Frameworks */ = {isa = PBXBuildFile; productRef = 01E3FBBB299C4E840062E4F2 /* AnimatedTabBar */; };
		01E3FBBE299C4EB30062E4F2 /* MapView.swift in Sources */ = {isa = PBXBuildFile; fileRef = 01E3FBBD299C4EB30062E4F2 /* MapView.swift */; };
		01E3FBC0299C535D0062E4F2 /* ExampleButtons.swift in Sources */ = {isa = PBXBuildFile; fileRef = 01E3FBBF299C535D0062E4F2 /* ExampleButtons.swift */; };
		01E3FBC2299C53660062E4F2 /* Utils.swift in Sources */ = {isa = PBXBuildFile; fileRef = 01E3FBC1299C53660062E4F2 /* Utils.swift */; };
/* End PBXBuildFile section */

/* Begin PBXFileReference section */
		017ADF552998323000A4537E /* B-Line.app */ = {isa = PBXFileReference; explicitFileType = wrapper.application; includeInIndex = 0; path = "B-Line.app"; sourceTree = BUILT_PRODUCTS_DIR; };
		017ADF582998323000A4537E /* B_LineApp.swift */ = {isa = PBXFileReference; lastKnownFileType = sourcecode.swift; path = B_LineApp.swift; sourceTree = "<group>"; };
		017ADF5C2998323100A4537E /* Assets.xcassets */ = {isa = PBXFileReference; lastKnownFileType = folder.assetcatalog; path = Assets.xcassets; sourceTree = "<group>"; };
		017ADF5F2998323100A4537E /* Preview Assets.xcassets */ = {isa = PBXFileReference; lastKnownFileType = folder.assetcatalog; path = "Preview Assets.xcassets"; sourceTree = "<group>"; };
		017ADF6F2998335100A4537E /* HomeView.swift */ = {isa = PBXFileReference; lastKnownFileType = sourcecode.swift; path = HomeView.swift; sourceTree = "<group>"; };
		017ADF71299833F700A4537E /* MapViewRepresentable.swift */ = {isa = PBXFileReference; lastKnownFileType = sourcecode.swift; path = MapViewRepresentable.swift; sourceTree = "<group>"; };
		017ADF732998352B00A4537E /* LocationManager.swift */ = {isa = PBXFileReference; lastKnownFileType = sourcecode.swift; path = LocationManager.swift; sourceTree = "<group>"; };
		017ADF7929987CB700A4537E /* LocationSearchView.swift */ = {isa = PBXFileReference; lastKnownFileType = sourcecode.swift; path = LocationSearchView.swift; sourceTree = "<group>"; };
		018F7DF829A32A1F005D0E44 /* Stops.swift */ = {isa = PBXFileReference; lastKnownFileType = sourcecode.swift; path = Stops.swift; sourceTree = "<group>"; };
		018F7DFB29A330F3005D0E44 /* TLService.swift */ = {isa = PBXFileReference; lastKnownFileType = sourcecode.swift; path = TLService.swift; sourceTree = "<group>"; };
		018F7DFD29A330FD005D0E44 /* TLRequest.swift */ = {isa = PBXFileReference; lastKnownFileType = sourcecode.swift; path = TLRequest.swift; sourceTree = "<group>"; };
		018F7DFF29A33103005D0E44 /* TLEndpoint.swift */ = {isa = PBXFileReference; lastKnownFileType = sourcecode.swift; path = TLEndpoint.swift; sourceTree = "<group>"; };
		018F7E0429A35DD8005D0E44 /* StopEstimates.swift */ = {isa = PBXFileReference; lastKnownFileType = sourcecode.swift; path = StopEstimates.swift; sourceTree = "<group>"; };
		018F7E0629A35DF5005D0E44 /* Buses.swift */ = {isa = PBXFileReference; lastKnownFileType = sourcecode.swift; path = Buses.swift; sourceTree = "<group>"; };
		018F7E0829A35DF9005D0E44 /* Routes.swift */ = {isa = PBXFileReference; lastKnownFileType = sourcecode.swift; path = Routes.swift; sourceTree = "<group>"; };
		018F7E0A29A35DFE005D0E44 /* Stats.swift */ = {isa = PBXFileReference; lastKnownFileType = sourcecode.swift; path = Stats.swift; sourceTree = "<group>"; };
		018F7E0C29A45D48005D0E44 /* StopsViewModel.swift */ = {isa = PBXFileReference; lastKnownFileType = sourcecode.swift; path = StopsViewModel.swift; sourceTree = "<group>"; };
		018F7E0E29A46329005D0E44 /* LocationSearchViewModel.swift */ = {isa = PBXFileReference; lastKnownFileType = sourcecode.swift; path = LocationSearchViewModel.swift; sourceTree = "<group>"; };
		01E3FBB8299C4E560062E4F2 /* StopsView.swift */ = {isa = PBXFileReference; lastKnownFileType = sourcecode.swift; path = StopsView.swift; sourceTree = "<group>"; };
		01E3FBBD299C4EB30062E4F2 /* MapView.swift */ = {isa = PBXFileReference; lastKnownFileType = sourcecode.swift; path = MapView.swift; sourceTree = "<group>"; };
		01E3FBBF299C535D0062E4F2 /* ExampleButtons.swift */ = {isa = PBXFileReference; lastKnownFileType = sourcecode.swift; path = ExampleButtons.swift; sourceTree = "<group>"; };
		01E3FBC1299C53660062E4F2 /* Utils.swift */ = {isa = PBXFileReference; lastKnownFileType = sourcecode.swift; path = Utils.swift; sourceTree = "<group>"; };
		01E3FBC3299C5CEF0062E4F2 /* Info.plist */ = {isa = PBXFileReference; lastKnownFileType = text.plist; path = Info.plist; sourceTree = "<group>"; };
/* End PBXFileReference section */

/* Begin PBXFrameworksBuildPhase section */
		017ADF522998323000A4537E /* Frameworks */ = {
			isa = PBXFrameworksBuildPhase;
			buildActionMask = 2147483647;
			files = (
				01E3FBBC299C4E840062E4F2 /* AnimatedTabBar in Frameworks */,
			);
			runOnlyForDeploymentPostprocessing = 0;
		};
/* End PBXFrameworksBuildPhase section */

/* Begin PBXGroup section */
		017ADF4C2998323000A4537E = {
			isa = PBXGroup;
			children = (
				017ADF572998323000A4537E /* B-Line */,
				017ADF562998323000A4537E /* Products */,
			);
			sourceTree = "<group>";
		};
		017ADF562998323000A4537E /* Products */ = {
			isa = PBXGroup;
			children = (
				017ADF552998323000A4537E /* B-Line.app */,
			);
			name = Products;
			sourceTree = "<group>";
		};
		017ADF572998323000A4537E /* B-Line */ = {
			isa = PBXGroup;
			children = (
				018F7DFA29A330DB005D0E44 /* APIClient */,
				01E3FBC3299C5CEF0062E4F2 /* Info.plist */,
				017ADF66299832E000A4537E /* App */,
				017ADF6C299832F600A4537E /* Core */,
				017ADF6B299832F400A4537E /* Extensions */,
				017ADF6A299832F300A4537E /* Managers */,
				017ADF68299832EB00A4537E /* Models */,
				017ADF5C2998323100A4537E /* Assets.xcassets */,
				017ADF5E2998323100A4537E /* Preview Content */,
			);
			path = "B-Line";
			sourceTree = "<group>";
		};
		017ADF5E2998323100A4537E /* Preview Content */ = {
			isa = PBXGroup;
			children = (
				017ADF5F2998323100A4537E /* Preview Assets.xcassets */,
			);
			path = "Preview Content";
			sourceTree = "<group>";
		};
		017ADF66299832E000A4537E /* App */ = {
			isa = PBXGroup;
			children = (
				017ADF582998323000A4537E /* B_LineApp.swift */,
			);
			path = App;
			sourceTree = "<group>";
		};
		017ADF68299832EB00A4537E /* Models */ = {
			isa = PBXGroup;
			children = (
				018F7E0129A35D61005D0E44 /* APIResponseTypes */,
			);
			path = Models;
			sourceTree = "<group>";
		};
		017ADF6A299832F300A4537E /* Managers */ = {
			isa = PBXGroup;
			children = (
				017ADF732998352B00A4537E /* LocationManager.swift */,
			);
			path = Managers;
			sourceTree = "<group>";
		};
		017ADF6B299832F400A4537E /* Extensions */ = {
			isa = PBXGroup;
			children = (
				01E3FBBF299C535D0062E4F2 /* ExampleButtons.swift */,
				01E3FBC1299C53660062E4F2 /* Utils.swift */,
			);
			path = Extensions;
			sourceTree = "<group>";
		};
		017ADF6C299832F600A4537E /* Core */ = {
			isa = PBXGroup;
			children = (
				018F7DF529A321CC005D0E44 /* Stops */,
				017ADF7629983C7500A4537E /* LocationSearch */,
				017ADF7529983C6F00A4537E /* Home */,
			);
			path = Core;
			sourceTree = "<group>";
		};
		017ADF6D2998333A00A4537E /* Views */ = {
			isa = PBXGroup;
			children = (
				017ADF6F2998335100A4537E /* HomeView.swift */,
				017ADF71299833F700A4537E /* MapViewRepresentable.swift */,
				01E3FBBD299C4EB30062E4F2 /* MapView.swift */,
			);
			path = Views;
			sourceTree = "<group>";
		};
		017ADF6E2998333B00A4537E /* ViewModel */ = {
			isa = PBXGroup;
			children = (
			);
			path = ViewModel;
			sourceTree = "<group>";
		};
		017ADF7529983C6F00A4537E /* Home */ = {
			isa = PBXGroup;
			children = (
				017ADF6E2998333B00A4537E /* ViewModel */,
				017ADF6D2998333A00A4537E /* Views */,
			);
			path = Home;
			sourceTree = "<group>";
		};
		017ADF7629983C7500A4537E /* LocationSearch */ = {
			isa = PBXGroup;
			children = (
				017ADF7829983C9400A4537E /* ViewModel */,
				017ADF7729983C9200A4537E /* Views */,
			);
			path = LocationSearch;
			sourceTree = "<group>";
		};
		017ADF7729983C9200A4537E /* Views */ = {
			isa = PBXGroup;
			children = (
				017ADF7929987CB700A4537E /* LocationSearchView.swift */,
			);
			path = Views;
			sourceTree = "<group>";
		};
		017ADF7829983C9400A4537E /* ViewModel */ = {
			isa = PBXGroup;
			children = (
				018F7E0E29A46329005D0E44 /* LocationSearchViewModel.swift */,
			);
			path = ViewModel;
			sourceTree = "<group>";
		};
		018F7DF529A321CC005D0E44 /* Stops */ = {
			isa = PBXGroup;
			children = (
				018F7DF729A321D6005D0E44 /* ViewModel */,
				018F7DF629A321D1005D0E44 /* Views */,
			);
			path = Stops;
			sourceTree = "<group>";
		};
		018F7DF629A321D1005D0E44 /* Views */ = {
			isa = PBXGroup;
			children = (
				01E3FBB8299C4E560062E4F2 /* StopsView.swift */,
			);
			path = Views;
			sourceTree = "<group>";
		};
		018F7DF729A321D6005D0E44 /* ViewModel */ = {
			isa = PBXGroup;
			children = (
				018F7E0C29A45D48005D0E44 /* StopsViewModel.swift */,
			);
			path = ViewModel;
			sourceTree = "<group>";
		};
		018F7DFA29A330DB005D0E44 /* APIClient */ = {
			isa = PBXGroup;
			children = (
				018F7DFB29A330F3005D0E44 /* TLService.swift */,
				018F7DFD29A330FD005D0E44 /* TLRequest.swift */,
				018F7DFF29A33103005D0E44 /* TLEndpoint.swift */,
			);
			path = APIClient;
			sourceTree = "<group>";
		};
		018F7E0129A35D61005D0E44 /* APIResponseTypes */ = {
			isa = PBXGroup;
			children = (
				018F7DF829A32A1F005D0E44 /* Stops.swift */,
				018F7E0429A35DD8005D0E44 /* StopEstimates.swift */,
				018F7E0629A35DF5005D0E44 /* Buses.swift */,
				018F7E0829A35DF9005D0E44 /* Routes.swift */,
				018F7E0A29A35DFE005D0E44 /* Stats.swift */,
			);
			path = APIResponseTypes;
			sourceTree = "<group>";
		};
/* End PBXGroup section */

/* Begin PBXNativeTarget section */
		017ADF542998323000A4537E /* B-Line */ = {
			isa = PBXNativeTarget;
			buildConfigurationList = 017ADF632998323100A4537E /* Build configuration list for PBXNativeTarget "B-Line" */;
			buildPhases = (
				017ADF512998323000A4537E /* Sources */,
				017ADF522998323000A4537E /* Frameworks */,
				017ADF532998323000A4537E /* Resources */,
			);
			buildRules = (
			);
			dependencies = (
			);
			name = "B-Line";
			packageProductDependencies = (
				01E3FBBB299C4E840062E4F2 /* AnimatedTabBar */,
			);
			productName = "B-Line";
			productReference = 017ADF552998323000A4537E /* B-Line.app */;
			productType = "com.apple.product-type.application";
		};
/* End PBXNativeTarget section */

/* Begin PBXProject section */
		017ADF4D2998323000A4537E /* Project object */ = {
			isa = PBXProject;
			attributes = {
				BuildIndependentTargetsInParallel = 1;
				LastSwiftUpdateCheck = 1420;
				LastUpgradeCheck = 1420;
				TargetAttributes = {
					017ADF542998323000A4537E = {
						CreatedOnToolsVersion = 14.2;
					};
				};
			};
			buildConfigurationList = 017ADF502998323000A4537E /* Build configuration list for PBXProject "B-Line" */;
			compatibilityVersion = "Xcode 14.0";
			developmentRegion = en;
			hasScannedForEncodings = 0;
			knownRegions = (
				en,
				Base,
			);
			mainGroup = 017ADF4C2998323000A4537E;
			packageReferences = (
				01E3FBBA299C4E840062E4F2 /* XCRemoteSwiftPackageReference "AnimatedTabBar" */,
			);
			productRefGroup = 017ADF562998323000A4537E /* Products */;
			projectDirPath = "";
			projectRoot = "";
			targets = (
				017ADF542998323000A4537E /* B-Line */,
			);
		};
/* End PBXProject section */

/* Begin PBXResourcesBuildPhase section */
		017ADF532998323000A4537E /* Resources */ = {
			isa = PBXResourcesBuildPhase;
			buildActionMask = 2147483647;
			files = (
				017ADF602998323100A4537E /* Preview Assets.xcassets in Resources */,
				017ADF5D2998323100A4537E /* Assets.xcassets in Resources */,
			);
			runOnlyForDeploymentPostprocessing = 0;
		};
/* End PBXResourcesBuildPhase section */

/* Begin PBXSourcesBuildPhase section */
		017ADF512998323000A4537E /* Sources */ = {
			isa = PBXSourcesBuildPhase;
			buildActionMask = 2147483647;
			files = (
				01E3FBBE299C4EB30062E4F2 /* MapView.swift in Sources */,
				018F7E0B29A35DFE005D0E44 /* Stats.swift in Sources */,
				017ADF7A29987CB700A4537E /* LocationSearchView.swift in Sources */,
				01E3FBC2299C53660062E4F2 /* Utils.swift in Sources */,
				018F7E0529A35DD8005D0E44 /* StopEstimates.swift in Sources */,
				018F7DFE29A330FD005D0E44 /* TLRequest.swift in Sources */,
				018F7DF929A32A1F005D0E44 /* Stops.swift in Sources */,
				018F7E0729A35DF5005D0E44 /* Buses.swift in Sources */,
				018F7E0029A33103005D0E44 /* TLEndpoint.swift in Sources */,
				01E3FBC0299C535D0062E4F2 /* ExampleButtons.swift in Sources */,
				018F7E0929A35DF9005D0E44 /* Routes.swift in Sources */,
				017ADF742998352B00A4537E /* LocationManager.swift in Sources */,
				018F7E0D29A45D48005D0E44 /* StopsViewModel.swift in Sources */,
				018F7E0F29A46329005D0E44 /* LocationSearchViewModel.swift in Sources */,
				01E3FBB9299C4E560062E4F2 /* StopsView.swift in Sources */,
				017ADF592998323000A4537E /* B_LineApp.swift in Sources */,
				017ADF72299833F700A4537E /* MapViewRepresentable.swift in Sources */,
				018F7DFC29A330F3005D0E44 /* TLService.swift in Sources */,
				017ADF702998335100A4537E /* HomeView.swift in Sources */,
			);
			runOnlyForDeploymentPostprocessing = 0;
		};
/* End PBXSourcesBuildPhase section */

/* Begin XCBuildConfiguration section */
		017ADF612998323100A4537E /* Debug */ = {
			isa = XCBuildConfiguration;
			buildSettings = {
				ALWAYS_SEARCH_USER_PATHS = NO;
				CLANG_ANALYZER_NONNULL = YES;
				CLANG_ANALYZER_NUMBER_OBJECT_CONVERSION = YES_AGGRESSIVE;
				CLANG_CXX_LANGUAGE_STANDARD = "gnu++20";
				CLANG_ENABLE_MODULES = YES;
				CLANG_ENABLE_OBJC_ARC = YES;
				CLANG_ENABLE_OBJC_WEAK = YES;
				CLANG_WARN_BLOCK_CAPTURE_AUTORELEASING = YES;
				CLANG_WARN_BOOL_CONVERSION = YES;
				CLANG_WARN_COMMA = YES;
				CLANG_WARN_CONSTANT_CONVERSION = YES;
				CLANG_WARN_DEPRECATED_OBJC_IMPLEMENTATIONS = YES;
				CLANG_WARN_DIRECT_OBJC_ISA_USAGE = YES_ERROR;
				CLANG_WARN_DOCUMENTATION_COMMENTS = YES;
				CLANG_WARN_EMPTY_BODY = YES;
				CLANG_WARN_ENUM_CONVERSION = YES;
				CLANG_WARN_INFINITE_RECURSION = YES;
				CLANG_WARN_INT_CONVERSION = YES;
				CLANG_WARN_NON_LITERAL_NULL_CONVERSION = YES;
				CLANG_WARN_OBJC_IMPLICIT_RETAIN_SELF = YES;
				CLANG_WARN_OBJC_LITERAL_CONVERSION = YES;
				CLANG_WARN_OBJC_ROOT_CLASS = YES_ERROR;
				CLANG_WARN_QUOTED_INCLUDE_IN_FRAMEWORK_HEADER = YES;
				CLANG_WARN_RANGE_LOOP_ANALYSIS = YES;
				CLANG_WARN_STRICT_PROTOTYPES = YES;
				CLANG_WARN_SUSPICIOUS_MOVE = YES;
				CLANG_WARN_UNGUARDED_AVAILABILITY = YES_AGGRESSIVE;
				CLANG_WARN_UNREACHABLE_CODE = YES;
				CLANG_WARN__DUPLICATE_METHOD_MATCH = YES;
				COPY_PHASE_STRIP = NO;
				DEBUG_INFORMATION_FORMAT = dwarf;
				ENABLE_STRICT_OBJC_MSGSEND = YES;
				ENABLE_TESTABILITY = YES;
				GCC_C_LANGUAGE_STANDARD = gnu11;
				GCC_DYNAMIC_NO_PIC = NO;
				GCC_NO_COMMON_BLOCKS = YES;
				GCC_OPTIMIZATION_LEVEL = 0;
				GCC_PREPROCESSOR_DEFINITIONS = (
					"DEBUG=1",
					"$(inherited)",
				);
				GCC_WARN_64_TO_32_BIT_CONVERSION = YES;
				GCC_WARN_ABOUT_RETURN_TYPE = YES_ERROR;
				GCC_WARN_UNDECLARED_SELECTOR = YES;
				GCC_WARN_UNINITIALIZED_AUTOS = YES_AGGRESSIVE;
				GCC_WARN_UNUSED_FUNCTION = YES;
				GCC_WARN_UNUSED_VARIABLE = YES;
				IPHONEOS_DEPLOYMENT_TARGET = 16.2;
				MTL_ENABLE_DEBUG_INFO = INCLUDE_SOURCE;
				MTL_FAST_MATH = YES;
				ONLY_ACTIVE_ARCH = YES;
				SDKROOT = iphoneos;
				SWIFT_ACTIVE_COMPILATION_CONDITIONS = DEBUG;
				SWIFT_OPTIMIZATION_LEVEL = "-Onone";
			};
			name = Debug;
		};
		017ADF622998323100A4537E /* Release */ = {
			isa = XCBuildConfiguration;
			buildSettings = {
				ALWAYS_SEARCH_USER_PATHS = NO;
				CLANG_ANALYZER_NONNULL = YES;
				CLANG_ANALYZER_NUMBER_OBJECT_CONVERSION = YES_AGGRESSIVE;
				CLANG_CXX_LANGUAGE_STANDARD = "gnu++20";
				CLANG_ENABLE_MODULES = YES;
				CLANG_ENABLE_OBJC_ARC = YES;
				CLANG_ENABLE_OBJC_WEAK = YES;
				CLANG_WARN_BLOCK_CAPTURE_AUTORELEASING = YES;
				CLANG_WARN_BOOL_CONVERSION = YES;
				CLANG_WARN_COMMA = YES;
				CLANG_WARN_CONSTANT_CONVERSION = YES;
				CLANG_WARN_DEPRECATED_OBJC_IMPLEMENTATIONS = YES;
				CLANG_WARN_DIRECT_OBJC_ISA_USAGE = YES_ERROR;
				CLANG_WARN_DOCUMENTATION_COMMENTS = YES;
				CLANG_WARN_EMPTY_BODY = YES;
				CLANG_WARN_ENUM_CONVERSION = YES;
				CLANG_WARN_INFINITE_RECURSION = YES;
				CLANG_WARN_INT_CONVERSION = YES;
				CLANG_WARN_NON_LITERAL_NULL_CONVERSION = YES;
				CLANG_WARN_OBJC_IMPLICIT_RETAIN_SELF = YES;
				CLANG_WARN_OBJC_LITERAL_CONVERSION = YES;
				CLANG_WARN_OBJC_ROOT_CLASS = YES_ERROR;
				CLANG_WARN_QUOTED_INCLUDE_IN_FRAMEWORK_HEADER = YES;
				CLANG_WARN_RANGE_LOOP_ANALYSIS = YES;
				CLANG_WARN_STRICT_PROTOTYPES = YES;
				CLANG_WARN_SUSPICIOUS_MOVE = YES;
				CLANG_WARN_UNGUARDED_AVAILABILITY = YES_AGGRESSIVE;
				CLANG_WARN_UNREACHABLE_CODE = YES;
				CLANG_WARN__DUPLICATE_METHOD_MATCH = YES;
				COPY_PHASE_STRIP = NO;
				DEBUG_INFORMATION_FORMAT = "dwarf-with-dsym";
				ENABLE_NS_ASSERTIONS = NO;
				ENABLE_STRICT_OBJC_MSGSEND = YES;
				GCC_C_LANGUAGE_STANDARD = gnu11;
				GCC_NO_COMMON_BLOCKS = YES;
				GCC_WARN_64_TO_32_BIT_CONVERSION = YES;
				GCC_WARN_ABOUT_RETURN_TYPE = YES_ERROR;
				GCC_WARN_UNDECLARED_SELECTOR = YES;
				GCC_WARN_UNINITIALIZED_AUTOS = YES_AGGRESSIVE;
				GCC_WARN_UNUSED_FUNCTION = YES;
				GCC_WARN_UNUSED_VARIABLE = YES;
				IPHONEOS_DEPLOYMENT_TARGET = 16.2;
				MTL_ENABLE_DEBUG_INFO = NO;
				MTL_FAST_MATH = YES;
				SDKROOT = iphoneos;
				SWIFT_COMPILATION_MODE = wholemodule;
				SWIFT_OPTIMIZATION_LEVEL = "-O";
				VALIDATE_PRODUCT = YES;
			};
			name = Release;
		};
		017ADF642998323100A4537E /* Debug */ = {
			isa = XCBuildConfiguration;
			buildSettings = {
				ASSETCATALOG_COMPILER_APPICON_NAME = AppIcon;
				ASSETCATALOG_COMPILER_GLOBAL_ACCENT_COLOR_NAME = AccentColor;
				CODE_SIGN_STYLE = Automatic;
				CURRENT_PROJECT_VERSION = 1;
				DEVELOPMENT_ASSET_PATHS = "\"B-Line/Preview Content\"";
				DEVELOPMENT_TEAM = WLZM42YW4X;
				ENABLE_PREVIEWS = YES;
				GENERATE_INFOPLIST_FILE = YES;
				INFOPLIST_FILE = "B-Line/Info.plist";
				INFOPLIST_KEY_NSLocationWhenInUseUsageDescription = "Enable location to provide nearby transit routes";
				INFOPLIST_KEY_UIApplicationSceneManifest_Generation = YES;
				INFOPLIST_KEY_UIApplicationSupportsIndirectInputEvents = YES;
				INFOPLIST_KEY_UILaunchScreen_Generation = YES;
				INFOPLIST_KEY_UISupportedInterfaceOrientations_iPad = "UIInterfaceOrientationPortrait UIInterfaceOrientationPortraitUpsideDown UIInterfaceOrientationLandscapeLeft UIInterfaceOrientationLandscapeRight";
				INFOPLIST_KEY_UISupportedInterfaceOrientations_iPhone = "UIInterfaceOrientationPortrait UIInterfaceOrientationLandscapeLeft UIInterfaceOrientationLandscapeRight";
				LD_RUNPATH_SEARCH_PATHS = (
					"$(inherited)",
					"@executable_path/Frameworks",
				);
				MARKETING_VERSION = 1.0;
				PRODUCT_BUNDLE_IDENTIFIER = "com.jnevado.B-Line";
				PRODUCT_NAME = "$(TARGET_NAME)";
				SWIFT_EMIT_LOC_STRINGS = YES;
				SWIFT_VERSION = 5.0;
				TARGETED_DEVICE_FAMILY = "1,2";
			};
			name = Debug;
		};
		017ADF652998323100A4537E /* Release */ = {
			isa = XCBuildConfiguration;
			buildSettings = {
				ASSETCATALOG_COMPILER_APPICON_NAME = AppIcon;
				ASSETCATALOG_COMPILER_GLOBAL_ACCENT_COLOR_NAME = AccentColor;
				CODE_SIGN_STYLE = Automatic;
				CURRENT_PROJECT_VERSION = 1;
				DEVELOPMENT_ASSET_PATHS = "\"B-Line/Preview Content\"";
				DEVELOPMENT_TEAM = WLZM42YW4X;
				ENABLE_PREVIEWS = YES;
				GENERATE_INFOPLIST_FILE = YES;
				INFOPLIST_FILE = "B-Line/Info.plist";
				INFOPLIST_KEY_NSLocationWhenInUseUsageDescription = "Enable location to provide nearby transit routes";
				INFOPLIST_KEY_UIApplicationSceneManifest_Generation = YES;
				INFOPLIST_KEY_UIApplicationSupportsIndirectInputEvents = YES;
				INFOPLIST_KEY_UILaunchScreen_Generation = YES;
				INFOPLIST_KEY_UISupportedInterfaceOrientations_iPad = "UIInterfaceOrientationPortrait UIInterfaceOrientationPortraitUpsideDown UIInterfaceOrientationLandscapeLeft UIInterfaceOrientationLandscapeRight";
				INFOPLIST_KEY_UISupportedInterfaceOrientations_iPhone = "UIInterfaceOrientationPortrait UIInterfaceOrientationLandscapeLeft UIInterfaceOrientationLandscapeRight";
				LD_RUNPATH_SEARCH_PATHS = (
					"$(inherited)",
					"@executable_path/Frameworks",
				);
				MARKETING_VERSION = 1.0;
				PRODUCT_BUNDLE_IDENTIFIER = "com.jnevado.B-Line";
				PRODUCT_NAME = "$(TARGET_NAME)";
				SWIFT_EMIT_LOC_STRINGS = YES;
				SWIFT_VERSION = 5.0;
				TARGETED_DEVICE_FAMILY = "1,2";
			};
			name = Release;
		};
/* End XCBuildConfiguration section */

/* Begin XCConfigurationList section */
		017ADF502998323000A4537E /* Build configuration list for PBXProject "B-Line" */ = {
			isa = XCConfigurationList;
			buildConfigurations = (
				017ADF612998323100A4537E /* Debug */,
				017ADF622998323100A4537E /* Release */,
			);
			defaultConfigurationIsVisible = 0;
			defaultConfigurationName = Release;
		};
		017ADF632998323100A4537E /* Build configuration list for PBXNativeTarget "B-Line" */ = {
			isa = XCConfigurationList;
			buildConfigurations = (
				017ADF642998323100A4537E /* Debug */,
				017ADF652998323100A4537E /* Release */,
			);
			defaultConfigurationIsVisible = 0;
			defaultConfigurationName = Release;
		};
/* End XCConfigurationList section */

/* Begin XCRemoteSwiftPackageReference section */
		01E3FBBA299C4E840062E4F2 /* XCRemoteSwiftPackageReference "AnimatedTabBar" */ = {
			isa = XCRemoteSwiftPackageReference;
			repositoryURL = "https://github.com/exyte/AnimatedTabBar.git";
			requirement = {
				kind = upToNextMajorVersion;
				minimumVersion = 0.0.1;
			};
		};
/* End XCRemoteSwiftPackageReference section */

/* Begin XCSwiftPackageProductDependency section */
		01E3FBBB299C4E840062E4F2 /* AnimatedTabBar */ = {
			isa = XCSwiftPackageProductDependency;
			package = 01E3FBBA299C4E840062E4F2 /* XCRemoteSwiftPackageReference "AnimatedTabBar" */;
			productName = AnimatedTabBar;
		};
/* End XCSwiftPackageProductDependency section */
	};
	rootObject = 017ADF4D2998323000A4537E /* Project object */;
}
